
Microsoft Visual Studio Solution File, Format Version 12.00
# Visual Studio Version 16
VisualStudioVersion = 16.0.29613.14
MinimumVisualStudioVersion = 10.0.40219.1
Project("{FAE04EC0-301F-11D3-BF4B-00C04F79EFBC}") = "ConsoleUI", "ConsoleUI\ConsoleUI.csproj", "{99E4EAA7-39A4-43F8-846C-06003096968E}"
EndProject
Project("{FAE04EC0-301F-11D3-BF4B-00C04F79EFBC}") = "HospitalLibrary", "HospitalLibrary\HospitalLibrary.csproj", "{3E9050C4-49C9-4A19-BC80-C31A4ADDACF0}"
EndProject
Global
	GlobalSection(SolutionConfigurationPlatforms) = preSolution
		Debug|Any CPU = Debug|Any CPU
		Release|Any CPU = Release|Any CPU
	EndGlobalSection
	GlobalSection(ProjectConfigurationPlatforms) = postSolution
		{99E4EAA7-39A4-43F8-846C-06003096968E}.Debug|Any CPU.ActiveCfg = Debug|Any CPU
		{99E4EAA7-39A4-43F8-846C-06003096968E}.Debug|Any CPU.Build.0 = Debug|Any CPU
		{99E4EAA7-39A4-43F8-846C-06003096968E}.Release|Any CPU.ActiveCfg = Release|Any CPU
		{99E4EAA7-39A4-43F8-846C-06003096968E}.Release|Any CPU.Build.0 = Release|Any CPU
		{3E9050C4-49C9-4A19-BC80-C31A4ADDACF0}.Debug|Any CPU.ActiveCfg = Debug|Any CPU
		{3E9050C4-49C9-4A19-BC80-C31A4ADDACF0}.Debug|Any CPU.Build.0 = Debug|Any CPU
		{3E9050C4-49C9-4A19-BC80-C31A4ADDACF0}.Release|Any CPU.ActiveCfg = Release|Any CPU
		{3E9050C4-49C9-4A19-BC80-C31A4ADDACF0}.Release|Any CPU.Build.0 = Release|Any CPU
	EndGlobalSection
	GlobalSection(SolutionProperties) = preSolution
		HideSolutionNode = FALSE
	EndGlobalSection
	GlobalSection(ExtensibilityGlobals) = postSolution
		SolutionGuid = {E1798328-6DBA-4CBF-AF06-D16DD52EBE97}
	EndGlobalSection
EndGlobal
