
Microsoft Visual Studio Solution File, Format Version 12.00
# Visual Studio Version 16
VisualStudioVersion = 16.0.29613.14
MinimumVisualStudioVersion = 10.0.40219.1
Project("{FAE04EC0-301F-11D3-BF4B-00C04F79EFBC}") = "ConsoleUI", "ConsoleUI\ConsoleUI.csproj", "{492B36A6-0DD1-4253-8A57-3AB412BD7FA8}"
EndProject
Project("{FAE04EC0-301F-11D3-BF4B-00C04F79EFBC}") = "EmployeeLibrary", "EmployeeLibrary\EmployeeLibrary.csproj", "{323CC8B3-E7E3-4F0A-BA82-41DD75C77BA0}"
EndProject
Project("{FAE04EC0-301F-11D3-BF4B-00C04F79EFBC}") = "EmployeeInformationForm", "EmployeeInformationForm\EmployeeInformationForm.csproj", "{3DC9E038-E394-41DC-B7E8-15F2C0C0A5E1}"
EndProject
Global
	GlobalSection(SolutionConfigurationPlatforms) = preSolution
		Debug|Any CPU = Debug|Any CPU
		Release|Any CPU = Release|Any CPU
	EndGlobalSection
	GlobalSection(ProjectConfigurationPlatforms) = postSolution
		{492B36A6-0DD1-4253-8A57-3AB412BD7FA8}.Debug|Any CPU.ActiveCfg = Debug|Any CPU
		{492B36A6-0DD1-4253-8A57-3AB412BD7FA8}.Debug|Any CPU.Build.0 = Debug|Any CPU
		{492B36A6-0DD1-4253-8A57-3AB412BD7FA8}.Release|Any CPU.ActiveCfg = Release|Any CPU
		{492B36A6-0DD1-4253-8A57-3AB412BD7FA8}.Release|Any CPU.Build.0 = Release|Any CPU
		{323CC8B3-E7E3-4F0A-BA82-41DD75C77BA0}.Debug|Any CPU.ActiveCfg = Debug|Any CPU
		{323CC8B3-E7E3-4F0A-BA82-41DD75C77BA0}.Debug|Any CPU.Build.0 = Debug|Any CPU
		{323CC8B3-E7E3-4F0A-BA82-41DD75C77BA0}.Release|Any CPU.ActiveCfg = Release|Any CPU
		{323CC8B3-E7E3-4F0A-BA82-41DD75C77BA0}.Release|Any CPU.Build.0 = Release|Any CPU
		{3DC9E038-E394-41DC-B7E8-15F2C0C0A5E1}.Debug|Any CPU.ActiveCfg = Debug|Any CPU
		{3DC9E038-E394-41DC-B7E8-15F2C0C0A5E1}.Debug|Any CPU.Build.0 = Debug|Any CPU
		{3DC9E038-E394-41DC-B7E8-15F2C0C0A5E1}.Release|Any CPU.ActiveCfg = Release|Any CPU
		{3DC9E038-E394-41DC-B7E8-15F2C0C0A5E1}.Release|Any CPU.Build.0 = Release|Any CPU
	EndGlobalSection
	GlobalSection(SolutionProperties) = preSolution
		HideSolutionNode = FALSE
	EndGlobalSection
	GlobalSection(ExtensibilityGlobals) = postSolution
		SolutionGuid = {DCBFEC67-F4DB-4C05-B32B-DEA3C4B13943}
	EndGlobalSection
EndGlobal
